
Microsoft Visual Studio Solution File, Format Version 12.00
# Visual Studio Version 17
VisualStudioVersion = 17.0.31903.59
MinimumVisualStudioVersion = 10.0.40219.1
Project("{FAE04EC0-301F-11D3-BF4B-00C04F79EFBC}") = "Dispcontrol.Client", "Dispcontrol.Client\Dispcontrol.Client.csproj", "{A719DA12-18FC-48F3-9973-B6ABBC7EE42A}"
EndProject
Project("{FAE04EC0-301F-11D3-BF4B-00C04F79EFBC}") = "Dispcontrol.Client.Tests", "Dispcontrol.Client.Tests\Dispcontrol.Client.Tests.csproj", "{3F52A3AD-EE81-41F3-B746-39BB05FAB3EF}"
EndProject
Project("{2150E333-8FDC-42A3-9474-1A3956D46DE8}") = "PowerToysRun", "PowerToysRun", "{AEB6D006-33EE-E5DE-72CE-C6A1D18DCF1A}"
EndProject
Project("{FAE04EC0-301F-11D3-BF4B-00C04F79EFBC}") = "Dispcontrol.PowerToysRun", "PowerToysRun\Dispcontrol.PowerToysRun.csproj", "{B2D89B14-35A4-4E87-9C12-F9D55BCBD89F}"
EndProject
Project("{2150E333-8FDC-42A3-9474-1A3956D46DE8}") = "CommandPalette", "CommandPalette", "{0E5E0369-0982-B430-DEDF-E3055E389207}"
EndProject
Project("{FAE04EC0-301F-11D3-BF4B-00C04F79EFBC}") = "Dispcontrol.CommandPalette", "CommandPalette\Dispcontrol.CommandPalette.csproj", "{A0876CE6-071B-4C86-9823-5D5157305E07}"
EndProject
Global
	GlobalSection(SolutionConfigurationPlatforms) = preSolution
		Debug|Any CPU = Debug|Any CPU
		Debug|x64 = Debug|x64
		Debug|x86 = Debug|x86
		Release|Any CPU = Release|Any CPU
		Release|x64 = Release|x64
		Release|x86 = Release|x86
	EndGlobalSection
	GlobalSection(ProjectConfigurationPlatforms) = postSolution
		{A719DA12-18FC-48F3-9973-B6ABBC7EE42A}.Debug|Any CPU.ActiveCfg = Debug|Any CPU
		{A719DA12-18FC-48F3-9973-B6ABBC7EE42A}.Debug|Any CPU.Build.0 = Debug|Any CPU
		{A719DA12-18FC-48F3-9973-B6ABBC7EE42A}.Debug|x64.ActiveCfg = Debug|Any CPU
		{A719DA12-18FC-48F3-9973-B6ABBC7EE42A}.Debug|x64.Build.0 = Debug|Any CPU
		{A719DA12-18FC-48F3-9973-B6ABBC7EE42A}.Debug|x86.ActiveCfg = Debug|Any CPU
		{A719DA12-18FC-48F3-9973-B6ABBC7EE42A}.Debug|x86.Build.0 = Debug|Any CPU
		{A719DA12-18FC-48F3-9973-B6ABBC7EE42A}.Release|Any CPU.ActiveCfg = Release|Any CPU
		{A719DA12-18FC-48F3-9973-B6ABBC7EE42A}.Release|Any CPU.Build.0 = Release|Any CPU
		{A719DA12-18FC-48F3-9973-B6ABBC7EE42A}.Release|x64.ActiveCfg = Release|Any CPU
		{A719DA12-18FC-48F3-9973-B6ABBC7EE42A}.Release|x64.Build.0 = Release|Any CPU
		{A719DA12-18FC-48F3-9973-B6ABBC7EE42A}.Release|x86.ActiveCfg = Release|Any CPU
		{A719DA12-18FC-48F3-9973-B6ABBC7EE42A}.Release|x86.Build.0 = Release|Any CPU
		{3F52A3AD-EE81-41F3-B746-39BB05FAB3EF}.Debug|Any CPU.ActiveCfg = Debug|Any CPU
		{3F52A3AD-EE81-41F3-B746-39BB05FAB3EF}.Debug|Any CPU.Build.0 = Debug|Any CPU
		{3F52A3AD-EE81-41F3-B746-39BB05FAB3EF}.Debug|x64.ActiveCfg = Debug|Any CPU
		{3F52A3AD-EE81-41F3-B746-39BB05FAB3EF}.Debug|x64.Build.0 = Debug|Any CPU
		{3F52A3AD-EE81-41F3-B746-39BB05FAB3EF}.Debug|x86.ActiveCfg = Debug|Any CPU
		{3F52A3AD-EE81-41F3-B746-39BB05FAB3EF}.Debug|x86.Build.0 = Debug|Any CPU
		{3F52A3AD-EE81-41F3-B746-39BB05FAB3EF}.Release|Any CPU.ActiveCfg = Release|Any CPU
		{3F52A3AD-EE81-41F3-B746-39BB05FAB3EF}.Release|Any CPU.Build.0 = Release|Any CPU
		{3F52A3AD-EE81-41F3-B746-39BB05FAB3EF}.Release|x64.ActiveCfg = Release|Any CPU
		{3F52A3AD-EE81-41F3-B746-39BB05FAB3EF}.Release|x64.Build.0 = Release|Any CPU
		{3F52A3AD-EE81-41F3-B746-39BB05FAB3EF}.Release|x86.ActiveCfg = Release|Any CPU
		{3F52A3AD-EE81-41F3-B746-39BB05FAB3EF}.Release|x86.Build.0 = Release|Any CPU
		{B2D89B14-35A4-4E87-9C12-F9D55BCBD89F}.Debug|Any CPU.ActiveCfg = Debug|x64
		{B2D89B14-35A4-4E87-9C12-F9D55BCBD89F}.Debug|Any CPU.Build.0 = Debug|x64
		{B2D89B14-35A4-4E87-9C12-F9D55BCBD89F}.Debug|x64.ActiveCfg = Debug|x64
		{B2D89B14-35A4-4E87-9C12-F9D55BCBD89F}.Debug|x64.Build.0 = Debug|x64
		{B2D89B14-35A4-4E87-9C12-F9D55BCBD89F}.Debug|x86.ActiveCfg = Debug|x64
		{B2D89B14-35A4-4E87-9C12-F9D55BCBD89F}.Debug|x86.Build.0 = Debug|x64
		{B2D89B14-35A4-4E87-9C12-F9D55BCBD89F}.Release|Any CPU.ActiveCfg = Release|x64
		{B2D89B14-35A4-4E87-9C12-F9D55BCBD89F}.Release|Any CPU.Build.0 = Release|x64
		{B2D89B14-35A4-4E87-9C12-F9D55BCBD89F}.Release|x64.ActiveCfg = Release|x64
		{B2D89B14-35A4-4E87-9C12-F9D55BCBD89F}.Release|x64.Build.0 = Release|x64
		{B2D89B14-35A4-4E87-9C12-F9D55BCBD89F}.Release|x86.ActiveCfg = Release|x64
		{B2D89B14-35A4-4E87-9C12-F9D55BCBD89F}.Release|x86.Build.0 = Release|x64
		{A0876CE6-071B-4C86-9823-5D5157305E07}.Debug|Any CPU.ActiveCfg = Debug|x64
		{A0876CE6-071B-4C86-9823-5D5157305E07}.Debug|Any CPU.Build.0 = Debug|x64
		{A0876CE6-071B-4C86-9823-5D5157305E07}.Debug|x64.ActiveCfg = Debug|x64
		{A0876CE6-071B-4C86-9823-5D5157305E07}.Debug|x64.Build.0 = Debug|x64
		{A0876CE6-071B-4C86-9823-5D5157305E07}.Debug|x86.ActiveCfg = Debug|x64
		{A0876CE6-071B-4C86-9823-5D5157305E07}.Debug|x86.Build.0 = Debug|x64
		{A0876CE6-071B-4C86-9823-5D5157305E07}.Release|Any CPU.ActiveCfg = Release|x64
		{A0876CE6-071B-4C86-9823-5D5157305E07}.Release|Any CPU.Build.0 = Release|x64
		{A0876CE6-071B-4C86-9823-5D5157305E07}.Release|x64.ActiveCfg = Release|x64
		{A0876CE6-071B-4C86-9823-5D5157305E07}.Release|x64.Build.0 = Release|x64
		{A0876CE6-071B-4C86-9823-5D5157305E07}.Release|x86.ActiveCfg = Release|x64
		{A0876CE6-071B-4C86-9823-5D5157305E07}.Release|x86.Build.0 = Release|x64
	EndGlobalSection
	GlobalSection(SolutionProperties) = preSolution
		HideSolutionNode = FALSE
	EndGlobalSection
	GlobalSection(NestedProjects) = preSolution
		{B2D89B14-35A4-4E87-9C12-F9D55BCBD89F} = {AEB6D006-33EE-E5DE-72CE-C6A1D18DCF1A}
		{A0876CE6-071B-4C86-9823-5D5157305E07} = {0E5E0369-0982-B430-DEDF-E3055E389207}
	EndGlobalSection
EndGlobal
